// !$*UTF8*$!
{
	archiveVersion = 1;
	classes = {
	};
	objectVersion = 46;
	objects = {

/* Begin PBXBuildFile section */
		6D99A0C80577602713F57FA7 /* libPods-testBleStable.a in Frameworks */ = {isa = PBXBuildFile; fileRef = C7B578A3329F46CC70E5B205 /* libPods-testBleStable.a */; };
		970074F91D336E5300FFE6EE /* Clockes.m in Sources */ = {isa = PBXBuildFile; fileRef = 970074F81D336E5300FFE6EE /* Clockes.m */; };
		970074FD1D338B1A00FFE6EE /* Movementes.m in Sources */ = {isa = PBXBuildFile; fileRef = 970074FC1D338B1A00FFE6EE /* Movementes.m */; };
		970075011D34D08900FFE6EE /* Sleepes.m in Sources */ = {isa = PBXBuildFile; fileRef = 970075001D34D08900FFE6EE /* Sleepes.m */; };
		970075051D34EE3100FFE6EE /* Charges.m in Sources */ = {isa = PBXBuildFile; fileRef = 970075041D34EE3100FFE6EE /* Charges.m */; };
		970075091D34F29500FFE6EE /* Spendes.m in Sources */ = {isa = PBXBuildFile; fileRef = 970075081D34F29500FFE6EE /* Spendes.m */; };
		973274641D2CA09F00319CE8 /* BLeHelper.m in Sources */ = {isa = PBXBuildFile; fileRef = 973274631D2CA09F00319CE8 /* BLeHelper.m */; };
		9732746D1D2F48A400319CE8 /* DatabaseHelper.m in Sources */ = {isa = PBXBuildFile; fileRef = 9732746C1D2F48A400319CE8 /* DatabaseHelper.m */; };
		973274711D2F599200319CE8 /* Users.m in Sources */ = {isa = PBXBuildFile; fileRef = 973274701D2F599200319CE8 /* Users.m */; };
		973274761D2F985700319CE8 /* Watch.m in Sources */ = {isa = PBXBuildFile; fileRef = 973274751D2F985700319CE8 /* Watch.m */; };
		9732747D1D2F9DA700319CE8 /* BankPayBase.m in Sources */ = {isa = PBXBuildFile; fileRef = 973274781D2F9DA700319CE8 /* BankPayBase.m */; };
		9732747E1D2F9DA700319CE8 /* Movement.m in Sources */ = {isa = PBXBuildFile; fileRef = 9732747A1D2F9DA700319CE8 /* Movement.m */; };
		9732747F1D2F9DA700319CE8 /* number.m in Sources */ = {isa = PBXBuildFile; fileRef = 9732747C1D2F9DA700319CE8 /* number.m */; };
		975D0EB11D2C95EE00480694 /* main.m in Sources */ = {isa = PBXBuildFile; fileRef = 975D0EB01D2C95EE00480694 /* main.m */; };
		975D0EB41D2C95EE00480694 /* AppDelegate.m in Sources */ = {isa = PBXBuildFile; fileRef = 975D0EB31D2C95EE00480694 /* AppDelegate.m */; };
		975D0EBD1D2C95EE00480694 /* testBleStable.xcdatamodeld in Sources */ = {isa = PBXBuildFile; fileRef = 975D0EBB1D2C95EE00480694 /* testBleStable.xcdatamodeld */; };
		975D0EBF1D2C95EE00480694 /* Assets.xcassets in Resources */ = {isa = PBXBuildFile; fileRef = 975D0EBE1D2C95EE00480694 /* Assets.xcassets */; };
		975D0EC21D2C95EE00480694 /* LaunchScreen.storyboard in Resources */ = {isa = PBXBuildFile; fileRef = 975D0EC01D2C95EE00480694 /* LaunchScreen.storyboard */; };
		975D0ECD1D2C96CC00480694 /* mainViewController.m in Sources */ = {isa = PBXBuildFile; fileRef = 975D0ECB1D2C96CC00480694 /* mainViewController.m */; };
		975D0ECE1D2C96CC00480694 /* mainViewController.xib in Resources */ = {isa = PBXBuildFile; fileRef = 975D0ECC1D2C96CC00480694 /* mainViewController.xib */; };
		975D0ED01D2C99C200480694 /* PodFile in Resources */ = {isa = PBXBuildFile; fileRef = 975D0ECF1D2C99C200480694 /* PodFile */; };
		97C389AA1D3617DE00A11A04 /* BindCard.m in Sources */ = {isa = PBXBuildFile; fileRef = 97C389A91D3617DE00A11A04 /* BindCard.m */; };
/* End PBXBuildFile section */

/* Begin PBXFileReference section */
		33390DB2AEBA3DE7CD3080CF /* Pods-testBleStable.release.xcconfig */ = {isa = PBXFileReference; includeInIndex = 1; lastKnownFileType = text.xcconfig; name = "Pods-testBleStable.release.xcconfig"; path = "Pods/Target Support Files/Pods-testBleStable/Pods-testBleStable.release.xcconfig"; sourceTree = "<group>"; };
		805CB76C23131A6248F151DA /* Pods-testBleStable.debug.xcconfig */ = {isa = PBXFileReference; includeInIndex = 1; lastKnownFileType = text.xcconfig; name = "Pods-testBleStable.debug.xcconfig"; path = "Pods/Target Support Files/Pods-testBleStable/Pods-testBleStable.debug.xcconfig"; sourceTree = "<group>"; };
		970074F71D336E5300FFE6EE /* Clockes.h */ = {isa = PBXFileReference; fileEncoding = 4; lastKnownFileType = sourcecode.c.h; path = Clockes.h; sourceTree = "<group>"; };
		970074F81D336E5300FFE6EE /* Clockes.m */ = {isa = PBXFileReference; fileEncoding = 4; lastKnownFileType = sourcecode.c.objc; path = Clockes.m; sourceTree = "<group>"; };
		970074FB1D338B1A00FFE6EE /* Movementes.h */ = {isa = PBXFileReference; fileEncoding = 4; lastKnownFileType = sourcecode.c.h; path = Movementes.h; sourceTree = "<group>"; };
		970074FC1D338B1A00FFE6EE /* Movementes.m */ = {isa = PBXFileReference; fileEncoding = 4; lastKnownFileType = sourcecode.c.objc; path = Movementes.m; sourceTree = "<group>"; };
		970074FF1D34D08900FFE6EE /* Sleepes.h */ = {isa = PBXFileReference; fileEncoding = 4; lastKnownFileType = sourcecode.c.h; path = Sleepes.h; sourceTree = "<group>"; };
		970075001D34D08900FFE6EE /* Sleepes.m */ = {isa = PBXFileReference; fileEncoding = 4; lastKnownFileType = sourcecode.c.objc; path = Sleepes.m; sourceTree = "<group>"; };
		970075031D34EE3100FFE6EE /* Charges.h */ = {isa = PBXFileReference; fileEncoding = 4; lastKnownFileType = sourcecode.c.h; path = Charges.h; sourceTree = "<group>"; };
		970075041D34EE3100FFE6EE /* Charges.m */ = {isa = PBXFileReference; fileEncoding = 4; lastKnownFileType = sourcecode.c.objc; path = Charges.m; sourceTree = "<group>"; };
		970075071D34F29500FFE6EE /* Spendes.h */ = {isa = PBXFileReference; fileEncoding = 4; lastKnownFileType = sourcecode.c.h; path = Spendes.h; sourceTree = "<group>"; };
		970075081D34F29500FFE6EE /* Spendes.m */ = {isa = PBXFileReference; fileEncoding = 4; lastKnownFileType = sourcecode.c.objc; path = Spendes.m; sourceTree = "<group>"; };
		973274621D2CA09F00319CE8 /* BLeHelper.h */ = {isa = PBXFileReference; fileEncoding = 4; lastKnownFileType = sourcecode.c.h; path = BLeHelper.h; sourceTree = "<group>"; };
		973274631D2CA09F00319CE8 /* BLeHelper.m */ = {isa = PBXFileReference; fileEncoding = 4; lastKnownFileType = sourcecode.c.objc; path = BLeHelper.m; sourceTree = "<group>"; };
		9732746B1D2F48A400319CE8 /* DatabaseHelper.h */ = {isa = PBXFileReference; fileEncoding = 4; lastKnownFileType = sourcecode.c.h; path = DatabaseHelper.h; sourceTree = "<group>"; };
		9732746C1D2F48A400319CE8 /* DatabaseHelper.m */ = {isa = PBXFileReference; fileEncoding = 4; lastKnownFileType = sourcecode.c.objc; path = DatabaseHelper.m; sourceTree = "<group>"; };
		9732746F1D2F599200319CE8 /* Users.h */ = {isa = PBXFileReference; fileEncoding = 4; lastKnownFileType = sourcecode.c.h; path = Users.h; sourceTree = "<group>"; };
		973274701D2F599200319CE8 /* Users.m */ = {isa = PBXFileReference; fileEncoding = 4; lastKnownFileType = sourcecode.c.objc; path = Users.m; sourceTree = "<group>"; };
		973274741D2F985700319CE8 /* Watch.h */ = {isa = PBXFileReference; fileEncoding = 4; lastKnownFileType = sourcecode.c.h; path = Watch.h; sourceTree = "<group>"; };
		973274751D2F985700319CE8 /* Watch.m */ = {isa = PBXFileReference; fileEncoding = 4; lastKnownFileType = sourcecode.c.objc; path = Watch.m; sourceTree = "<group>"; };
		973274771D2F9DA700319CE8 /* BankPayBase.h */ = {isa = PBXFileReference; fileEncoding = 4; lastKnownFileType = sourcecode.c.h; path = BankPayBase.h; sourceTree = "<group>"; };
		973274781D2F9DA700319CE8 /* BankPayBase.m */ = {isa = PBXFileReference; fileEncoding = 4; lastKnownFileType = sourcecode.c.objc; path = BankPayBase.m; sourceTree = "<group>"; };
		973274791D2F9DA700319CE8 /* Movement.h */ = {isa = PBXFileReference; fileEncoding = 4; lastKnownFileType = sourcecode.c.h; path = Movement.h; sourceTree = "<group>"; };
		9732747A1D2F9DA700319CE8 /* Movement.m */ = {isa = PBXFileReference; fileEncoding = 4; lastKnownFileType = sourcecode.c.objc; path = Movement.m; sourceTree = "<group>"; };
		9732747B1D2F9DA700319CE8 /* number.h */ = {isa = PBXFileReference; fileEncoding = 4; lastKnownFileType = sourcecode.c.h; path = number.h; sourceTree = "<group>"; };
		9732747C1D2F9DA700319CE8 /* number.m */ = {isa = PBXFileReference; fileEncoding = 4; lastKnownFileType = sourcecode.c.objc; path = number.m; sourceTree = "<group>"; };
		975D0EAC1D2C95EE00480694 /* testBleStable.app */ = {isa = PBXFileReference; explicitFileType = wrapper.application; includeInIndex = 0; path = testBleStable.app; sourceTree = BUILT_PRODUCTS_DIR; };
		975D0EB01D2C95EE00480694 /* main.m */ = {isa = PBXFileReference; lastKnownFileType = sourcecode.c.objc; path = main.m; sourceTree = "<group>"; };
		975D0EB21D2C95EE00480694 /* AppDelegate.h */ = {isa = PBXFileReference; lastKnownFileType = sourcecode.c.h; path = AppDelegate.h; sourceTree = "<group>"; };
		975D0EB31D2C95EE00480694 /* AppDelegate.m */ = {isa = PBXFileReference; lastKnownFileType = sourcecode.c.objc; path = AppDelegate.m; sourceTree = "<group>"; };
		975D0EBC1D2C95EE00480694 /* testBleStable.xcdatamodel */ = {isa = PBXFileReference; lastKnownFileType = wrapper.xcdatamodel; path = testBleStable.xcdatamodel; sourceTree = "<group>"; };
		975D0EBE1D2C95EE00480694 /* Assets.xcassets */ = {isa = PBXFileReference; lastKnownFileType = folder.assetcatalog; path = Assets.xcassets; sourceTree = "<group>"; };
		975D0EC11D2C95EE00480694 /* Base */ = {isa = PBXFileReference; lastKnownFileType = file.storyboard; name = Base; path = Base.lproj/LaunchScreen.storyboard; sourceTree = "<group>"; };
		975D0EC31D2C95EE00480694 /* Info.plist */ = {isa = PBXFileReference; lastKnownFileType = text.plist.xml; path = Info.plist; sourceTree = "<group>"; };
		975D0ECA1D2C96CC00480694 /* mainViewController.h */ = {isa = PBXFileReference; fileEncoding = 4; lastKnownFileType = sourcecode.c.h; path = mainViewController.h; sourceTree = "<group>"; };
		975D0ECB1D2C96CC00480694 /* mainViewController.m */ = {isa = PBXFileReference; fileEncoding = 4; lastKnownFileType = sourcecode.c.objc; path = mainViewController.m; sourceTree = "<group>"; };
		975D0ECC1D2C96CC00480694 /* mainViewController.xib */ = {isa = PBXFileReference; fileEncoding = 4; lastKnownFileType = file.xib; path = mainViewController.xib; sourceTree = "<group>"; };
		975D0ECF1D2C99C200480694 /* PodFile */ = {isa = PBXFileReference; fileEncoding = 4; lastKnownFileType = text; path = PodFile; sourceTree = "<group>"; };
		97C389A81D3617DE00A11A04 /* BindCard.h */ = {isa = PBXFileReference; fileEncoding = 4; lastKnownFileType = sourcecode.c.h; path = BindCard.h; sourceTree = "<group>"; };
		97C389A91D3617DE00A11A04 /* BindCard.m */ = {isa = PBXFileReference; fileEncoding = 4; lastKnownFileType = sourcecode.c.objc; path = BindCard.m; sourceTree = "<group>"; };
		C7B578A3329F46CC70E5B205 /* libPods-testBleStable.a */ = {isa = PBXFileReference; explicitFileType = archive.ar; includeInIndex = 0; path = "libPods-testBleStable.a"; sourceTree = BUILT_PRODUCTS_DIR; };
/* End PBXFileReference section */

/* Begin PBXFrameworksBuildPhase section */
		975D0EA91D2C95EE00480694 /* Frameworks */ = {
			isa = PBXFrameworksBuildPhase;
			buildActionMask = 2147483647;
			files = (
				6D99A0C80577602713F57FA7 /* libPods-testBleStable.a in Frameworks */,
			);
			runOnlyForDeploymentPostprocessing = 0;
		};
/* End PBXFrameworksBuildPhase section */

/* Begin PBXGroup section */
		157BA8AFD4C0F6BC4159D993 /* Pods */ = {
			isa = PBXGroup;
			children = (
				805CB76C23131A6248F151DA /* Pods-testBleStable.debug.xcconfig */,
				33390DB2AEBA3DE7CD3080CF /* Pods-testBleStable.release.xcconfig */,
			);
			name = Pods;
			sourceTree = "<group>";
		};
		60A9E23F83E65666C3DAED0E /* Frameworks */ = {
			isa = PBXGroup;
			children = (
				C7B578A3329F46CC70E5B205 /* libPods-testBleStable.a */,
			);
			name = Frameworks;
			sourceTree = "<group>";
		};
		970074F61D336E3300FFE6EE /* Clock */ = {
			isa = PBXGroup;
			children = (
				970074F71D336E5300FFE6EE /* Clockes.h */,
				970074F81D336E5300FFE6EE /* Clockes.m */,
			);
			name = Clock;
			sourceTree = "<group>";
		};
		970074FA1D338AF600FFE6EE /* Movement */ = {
			isa = PBXGroup;
			children = (
				970074FB1D338B1A00FFE6EE /* Movementes.h */,
				970074FC1D338B1A00FFE6EE /* Movementes.m */,
			);
			name = Movement;
			sourceTree = "<group>";
		};
		970074FE1D34D06500FFE6EE /* Sleep */ = {
			isa = PBXGroup;
			children = (
				970074FF1D34D08900FFE6EE /* Sleepes.h */,
				970075001D34D08900FFE6EE /* Sleepes.m */,
			);
			name = Sleep;
			sourceTree = "<group>";
		};
		970075021D34EE1A00FFE6EE /* Charge */ = {
			isa = PBXGroup;
			children = (
				970075031D34EE3100FFE6EE /* Charges.h */,
				970075041D34EE3100FFE6EE /* Charges.m */,
			);
			name = Charge;
			sourceTree = "<group>";
		};
		970075061D34F27B00FFE6EE /* Spend(No use) */ = {
			isa = PBXGroup;
			children = (
				970075071D34F29500FFE6EE /* Spendes.h */,
				970075081D34F29500FFE6EE /* Spendes.m */,
			);
			name = "Spend(No use)";
			sourceTree = "<group>";
		};
		973274611D2CA08000319CE8 /* Ble */ = {
			isa = PBXGroup;
			children = (
				973274621D2CA09F00319CE8 /* BLeHelper.h */,
				973274631D2CA09F00319CE8 /* BLeHelper.m */,
			);
			name = Ble;
			sourceTree = "<group>";
		};
		9732746A1D2F487700319CE8 /* DataBase */ = {
			isa = PBXGroup;
			children = (
				9732746B1D2F48A400319CE8 /* DatabaseHelper.h */,
				9732746C1D2F48A400319CE8 /* DatabaseHelper.m */,
			);
			name = DataBase;
			sourceTree = "<group>";
		};
		9732746E1D2F597000319CE8 /* Instance */ = {
			isa = PBXGroup;
			children = (
				97C389A71D3617AE00A11A04 /* BindCard */,
				970075061D34F27B00FFE6EE /* Spend(No use) */,
				970075021D34EE1A00FFE6EE /* Charge */,
				970074FE1D34D06500FFE6EE /* Sleep */,
				970074FA1D338AF600FFE6EE /* Movement */,
				970074F61D336E3300FFE6EE /* Clock */,
				973274731D2F983E00319CE8 /* Watches */,
				973274721D2F983300319CE8 /* Users */,
			);
			name = Instance;
			sourceTree = "<group>";
		};
		973274721D2F983300319CE8 /* Users */ = {
			isa = PBXGroup;
			children = (
				9732746F1D2F599200319CE8 /* Users.h */,
				973274701D2F599200319CE8 /* Users.m */,
			);
			name = Users;
			sourceTree = "<group>";
		};
		973274731D2F983E00319CE8 /* Watches */ = {
			isa = PBXGroup;
			children = (
				973274741D2F985700319CE8 /* Watch.h */,
				973274751D2F985700319CE8 /* Watch.m */,
			);
			name = Watches;
			sourceTree = "<group>";
		};
		973274801D2F9DAC00319CE8 /* testSendData */ = {
			isa = PBXGroup;
			children = (
				973274771D2F9DA700319CE8 /* BankPayBase.h */,
				973274781D2F9DA700319CE8 /* BankPayBase.m */,
				973274791D2F9DA700319CE8 /* Movement.h */,
				9732747A1D2F9DA700319CE8 /* Movement.m */,
				9732747B1D2F9DA700319CE8 /* number.h */,
				9732747C1D2F9DA700319CE8 /* number.m */,
			);
			name = testSendData;
			sourceTree = "<group>";
		};
		975D0EA31D2C95EE00480694 = {
			isa = PBXGroup;
			children = (
				973274801D2F9DAC00319CE8 /* testSendData */,
				9732746E1D2F597000319CE8 /* Instance */,
				9732746A1D2F487700319CE8 /* DataBase */,
				975D0ECF1D2C99C200480694 /* PodFile */,
				973274611D2CA08000319CE8 /* Ble */,
				975D0EC91D2C961D00480694 /* RootController */,
				975D0EAE1D2C95EE00480694 /* testBleStable */,
				975D0EAD1D2C95EE00480694 /* Products */,
				157BA8AFD4C0F6BC4159D993 /* Pods */,
				60A9E23F83E65666C3DAED0E /* Frameworks */,
			);
			sourceTree = "<group>";
		};
		975D0EAD1D2C95EE00480694 /* Products */ = {
			isa = PBXGroup;
			children = (
				975D0EAC1D2C95EE00480694 /* testBleStable.app */,
			);
			name = Products;
			sourceTree = "<group>";
		};
		975D0EAE1D2C95EE00480694 /* testBleStable */ = {
			isa = PBXGroup;
			children = (
				975D0EB21D2C95EE00480694 /* AppDelegate.h */,
				975D0EB31D2C95EE00480694 /* AppDelegate.m */,
				975D0EBE1D2C95EE00480694 /* Assets.xcassets */,
				975D0EC01D2C95EE00480694 /* LaunchScreen.storyboard */,
				975D0EC31D2C95EE00480694 /* Info.plist */,
				975D0EBB1D2C95EE00480694 /* testBleStable.xcdatamodeld */,
				975D0EAF1D2C95EE00480694 /* Supporting Files */,
			);
			path = testBleStable;
			sourceTree = "<group>";
		};
		975D0EAF1D2C95EE00480694 /* Supporting Files */ = {
			isa = PBXGroup;
			children = (
				975D0EB01D2C95EE00480694 /* main.m */,
			);
			name = "Supporting Files";
			sourceTree = "<group>";
		};
		975D0EC91D2C961D00480694 /* RootController */ = {
			isa = PBXGroup;
			children = (
				975D0ECA1D2C96CC00480694 /* mainViewController.h */,
				975D0ECB1D2C96CC00480694 /* mainViewController.m */,
				975D0ECC1D2C96CC00480694 /* mainViewController.xib */,
			);
			name = RootController;
			sourceTree = "<group>";
		};
		97C389A71D3617AE00A11A04 /* BindCard */ = {
			isa = PBXGroup;
			children = (
				97C389A81D3617DE00A11A04 /* BindCard.h */,
				97C389A91D3617DE00A11A04 /* BindCard.m */,
			);
			name = BindCard;
			sourceTree = "<group>";
		};
/* End PBXGroup section */

/* Begin PBXNativeTarget section */
		975D0EAB1D2C95EE00480694 /* testBleStable */ = {
			isa = PBXNativeTarget;
			buildConfigurationList = 975D0EC61D2C95EE00480694 /* Build configuration list for PBXNativeTarget "testBleStable" */;
			buildPhases = (
				E3B2A20C205FE1727E157B68 /* [CP] Check Pods Manifest.lock */,
				975D0EA81D2C95EE00480694 /* Sources */,
				975D0EA91D2C95EE00480694 /* Frameworks */,
				975D0EAA1D2C95EE00480694 /* Resources */,
				332898EABA42FADBED64982A /* [CP] Embed Pods Frameworks */,
				E485869062F96E7BD29AEB02 /* [CP] Copy Pods Resources */,
			);
			buildRules = (
			);
			dependencies = (
			);
			name = testBleStable;
			productName = testBleStable;
			productReference = 975D0EAC1D2C95EE00480694 /* testBleStable.app */;
			productType = "com.apple.product-type.application";
		};
/* End PBXNativeTarget section */

/* Begin PBXProject section */
		975D0EA41D2C95EE00480694 /* Project object */ = {
			isa = PBXProject;
			attributes = {
				LastUpgradeCheck = 0730;
				ORGANIZATIONNAME = Rover;
				TargetAttributes = {
					975D0EAB1D2C95EE00480694 = {
						CreatedOnToolsVersion = 7.3.1;
						DevelopmentTeam = EJ37A56U46;
					};
				};
			};
			buildConfigurationList = 975D0EA71D2C95EE00480694 /* Build configuration list for PBXProject "testBleStable" */;
			compatibilityVersion = "Xcode 3.2";
			developmentRegion = English;
			hasScannedForEncodings = 0;
			knownRegions = (
				en,
				Base,
			);
			mainGroup = 975D0EA31D2C95EE00480694;
			productRefGroup = 975D0EAD1D2C95EE00480694 /* Products */;
			projectDirPath = "";
			projectRoot = "";
			targets = (
				975D0EAB1D2C95EE00480694 /* testBleStable */,
			);
		};
/* End PBXProject section */

/* Begin PBXResourcesBuildPhase section */
		975D0EAA1D2C95EE00480694 /* Resources */ = {
			isa = PBXResourcesBuildPhase;
			buildActionMask = 2147483647;
			files = (
				975D0EC21D2C95EE00480694 /* LaunchScreen.storyboard in Resources */,
				975D0EBF1D2C95EE00480694 /* Assets.xcassets in Resources */,
				975D0ED01D2C99C200480694 /* PodFile in Resources */,
				975D0ECE1D2C96CC00480694 /* mainViewController.xib in Resources */,
			);
			runOnlyForDeploymentPostprocessing = 0;
		};
/* End PBXResourcesBuildPhase section */

/* Begin PBXShellScriptBuildPhase section */
		332898EABA42FADBED64982A /* [CP] Embed Pods Frameworks */ = {
			isa = PBXShellScriptBuildPhase;
			buildActionMask = 2147483647;
			files = (
			);
			inputPaths = (
			);
			name = "[CP] Embed Pods Frameworks";
			outputPaths = (
			);
			runOnlyForDeploymentPostprocessing = 0;
			shellPath = /bin/sh;
			shellScript = "\"${SRCROOT}/Pods/Target Support Files/Pods-testBleStable/Pods-testBleStable-frameworks.sh\"\n";
			showEnvVarsInLog = 0;
		};
		E3B2A20C205FE1727E157B68 /* [CP] Check Pods Manifest.lock */ = {
			isa = PBXShellScriptBuildPhase;
			buildActionMask = 2147483647;
			files = (
			);
			inputPaths = (
			);
			name = "[CP] Check Pods Manifest.lock";
			outputPaths = (
			);
			runOnlyForDeploymentPostprocessing = 0;
			shellPath = /bin/sh;
			shellScript = "diff \"${PODS_ROOT}/../Podfile.lock\" \"${PODS_ROOT}/Manifest.lock\" > /dev/null\nif [[ $? != 0 ]] ; then\n    cat << EOM\nerror: The sandbox is not in sync with the Podfile.lock. Run 'pod install' or update your CocoaPods installation.\nEOM\n    exit 1\nfi\n";
			showEnvVarsInLog = 0;
		};
		E485869062F96E7BD29AEB02 /* [CP] Copy Pods Resources */ = {
			isa = PBXShellScriptBuildPhase;
			buildActionMask = 2147483647;
			files = (
			);
			inputPaths = (
			);
			name = "[CP] Copy Pods Resources";
			outputPaths = (
			);
			runOnlyForDeploymentPostprocessing = 0;
			shellPath = /bin/sh;
			shellScript = "\"${SRCROOT}/Pods/Target Support Files/Pods-testBleStable/Pods-testBleStable-resources.sh\"\n";
			showEnvVarsInLog = 0;
		};
/* End PBXShellScriptBuildPhase section */

/* Begin PBXSourcesBuildPhase section */
		975D0EA81D2C95EE00480694 /* Sources */ = {
			isa = PBXSourcesBuildPhase;
			buildActionMask = 2147483647;
			files = (
				9732747E1D2F9DA700319CE8 /* Movement.m in Sources */,
				970075051D34EE3100FFE6EE /* Charges.m in Sources */,
				9732746D1D2F48A400319CE8 /* DatabaseHelper.m in Sources */,
				973274761D2F985700319CE8 /* Watch.m in Sources */,
				970075011D34D08900FFE6EE /* Sleepes.m in Sources */,
				975D0EBD1D2C95EE00480694 /* testBleStable.xcdatamodeld in Sources */,
				970075091D34F29500FFE6EE /* Spendes.m in Sources */,
				970074F91D336E5300FFE6EE /* Clockes.m in Sources */,
				975D0EB41D2C95EE00480694 /* AppDelegate.m in Sources */,
				970074FD1D338B1A00FFE6EE /* Movementes.m in Sources */,
				9732747F1D2F9DA700319CE8 /* number.m in Sources */,
				97C389AA1D3617DE00A11A04 /* BindCard.m in Sources */,
				973274711D2F599200319CE8 /* Users.m in Sources */,
				975D0EB11D2C95EE00480694 /* main.m in Sources */,
				973274641D2CA09F00319CE8 /* BLeHelper.m in Sources */,
				975D0ECD1D2C96CC00480694 /* mainViewController.m in Sources */,
				9732747D1D2F9DA700319CE8 /* BankPayBase.m in Sources */,
			);
			runOnlyForDeploymentPostprocessing = 0;
		};
/* End PBXSourcesBuildPhase section */

/* Begin PBXVariantGroup section */
		975D0EC01D2C95EE00480694 /* LaunchScreen.storyboard */ = {
			isa = PBXVariantGroup;
			children = (
				975D0EC11D2C95EE00480694 /* Base */,
			);
			name = LaunchScreen.storyboard;
			sourceTree = "<group>";
		};
/* End PBXVariantGroup section */

/* Begin XCBuildConfiguration section */
		975D0EC41D2C95EE00480694 /* Debug */ = {
			isa = XCBuildConfiguration;
			buildSettings = {
				ALWAYS_SEARCH_USER_PATHS = NO;
				CLANG_ANALYZER_NONNULL = YES;
				CLANG_CXX_LANGUAGE_STANDARD = "gnu++0x";
				CLANG_CXX_LIBRARY = "libc++";
				CLANG_ENABLE_MODULES = YES;
				CLANG_ENABLE_OBJC_ARC = YES;
				CLANG_WARN_BOOL_CONVERSION = YES;
				CLANG_WARN_CONSTANT_CONVERSION = YES;
				CLANG_WARN_DIRECT_OBJC_ISA_USAGE = YES_ERROR;
				CLANG_WARN_EMPTY_BODY = YES;
				CLANG_WARN_ENUM_CONVERSION = YES;
				CLANG_WARN_INT_CONVERSION = YES;
				CLANG_WARN_OBJC_ROOT_CLASS = YES_ERROR;
				CLANG_WARN_UNREACHABLE_CODE = YES;
				CLANG_WARN__DUPLICATE_METHOD_MATCH = YES;
				"CODE_SIGN_IDENTITY[sdk=iphoneos*]" = "iPhone Developer";
				COPY_PHASE_STRIP = NO;
				DEBUG_INFORMATION_FORMAT = dwarf;
				ENABLE_STRICT_OBJC_MSGSEND = YES;
				ENABLE_TESTABILITY = YES;
				GCC_C_LANGUAGE_STANDARD = gnu99;
				GCC_DYNAMIC_NO_PIC = NO;
				GCC_NO_COMMON_BLOCKS = YES;
				GCC_OPTIMIZATION_LEVEL = 0;
				GCC_PREPROCESSOR_DEFINITIONS = (
					"DEBUG=1",
					"$(inherited)",
				);
				GCC_WARN_64_TO_32_BIT_CONVERSION = YES;
				GCC_WARN_ABOUT_RETURN_TYPE = YES_ERROR;
				GCC_WARN_UNDECLARED_SELECTOR = YES;
				GCC_WARN_UNINITIALIZED_AUTOS = YES_AGGRESSIVE;
				GCC_WARN_UNUSED_FUNCTION = YES;
				GCC_WARN_UNUSED_VARIABLE = YES;
				IPHONEOS_DEPLOYMENT_TARGET = 9.3;
				MTL_ENABLE_DEBUG_INFO = YES;
				ONLY_ACTIVE_ARCH = YES;
				SDKROOT = iphoneos;
				TARGETED_DEVICE_FAMILY = "1,2";
			};
			name = Debug;
		};
		975D0EC51D2C95EE00480694 /* Release */ = {
			isa = XCBuildConfiguration;
			buildSettings = {
				ALWAYS_SEARCH_USER_PATHS = NO;
				CLANG_ANALYZER_NONNULL = YES;
				CLANG_CXX_LANGUAGE_STANDARD = "gnu++0x";
				CLANG_CXX_LIBRARY = "libc++";
				CLANG_ENABLE_MODULES = YES;
				CLANG_ENABLE_OBJC_ARC = YES;
				CLANG_WARN_BOOL_CONVERSION = YES;
				CLANG_WARN_CONSTANT_CONVERSION = YES;
				CLANG_WARN_DIRECT_OBJC_ISA_USAGE = YES_ERROR;
				CLANG_WARN_EMPTY_BODY = YES;
				CLANG_WARN_ENUM_CONVERSION = YES;
				CLANG_WARN_INT_CONVERSION = YES;
				CLANG_WARN_OBJC_ROOT_CLASS = YES_ERROR;
				CLANG_WARN_UNREACHABLE_CODE = YES;
				CLANG_WARN__DUPLICATE_METHOD_MATCH = YES;
				"CODE_SIGN_IDENTITY[sdk=iphoneos*]" = "iPhone Developer";
				COPY_PHASE_STRIP = NO;
				DEBUG_INFORMATION_FORMAT = "dwarf-with-dsym";
				ENABLE_NS_ASSERTIONS = NO;
				ENABLE_STRICT_OBJC_MSGSEND = YES;
				GCC_C_LANGUAGE_STANDARD = gnu99;
				GCC_NO_COMMON_BLOCKS = YES;
				GCC_WARN_64_TO_32_BIT_CONVERSION = YES;
				GCC_WARN_ABOUT_RETURN_TYPE = YES_ERROR;
				GCC_WARN_UNDECLARED_SELECTOR = YES;
				GCC_WARN_UNINITIALIZED_AUTOS = YES_AGGRESSIVE;
				GCC_WARN_UNUSED_FUNCTION = YES;
				GCC_WARN_UNUSED_VARIABLE = YES;
				IPHONEOS_DEPLOYMENT_TARGET = 9.3;
				MTL_ENABLE_DEBUG_INFO = NO;
				SDKROOT = iphoneos;
				TARGETED_DEVICE_FAMILY = "1,2";
				VALIDATE_PRODUCT = YES;
			};
			name = Release;
		};
		975D0EC71D2C95EE00480694 /* Debug */ = {
			isa = XCBuildConfiguration;
			baseConfigurationReference = 805CB76C23131A6248F151DA /* Pods-testBleStable.debug.xcconfig */;
			buildSettings = {
				ASSETCATALOG_COMPILER_APPICON_NAME = AppIcon;
				CODE_SIGN_IDENTITY = "iPhone Developer";
				"CODE_SIGN_IDENTITY[sdk=iphoneos*]" = "iPhone Developer";
				INFOPLIST_FILE = testBleStable/Info.plist;
				IPHONEOS_DEPLOYMENT_TARGET = 8.0;
				LD_RUNPATH_SEARCH_PATHS = "$(inherited) @executable_path/Frameworks";
				PRODUCT_BUNDLE_IDENTIFIER = com.szrk.www;
				PRODUCT_NAME = "$(TARGET_NAME)";
				PROVISIONING_PROFILE = "";
			};
			name = Debug;
		};
		975D0EC81D2C95EE00480694 /* Release */ = {
			isa = XCBuildConfiguration;
			baseConfigurationReference = 33390DB2AEBA3DE7CD3080CF /* Pods-testBleStable.release.xcconfig */;
			buildSettings = {
				ASSETCATALOG_COMPILER_APPICON_NAME = AppIcon;
				CODE_SIGN_IDENTITY = "iPhone Developer";
				"CODE_SIGN_IDENTITY[sdk=iphoneos*]" = "iPhone Developer";
				INFOPLIST_FILE = testBleStable/Info.plist;
				IPHONEOS_DEPLOYMENT_TARGET = 8.0;
				LD_RUNPATH_SEARCH_PATHS = "$(inherited) @executable_path/Frameworks";
				PRODUCT_BUNDLE_IDENTIFIER = com.szrk.www;
				PRODUCT_NAME = "$(TARGET_NAME)";
				PROVISIONING_PROFILE = "";
			};
			name = Release;
		};
/* End XCBuildConfiguration section */

/* Begin XCConfigurationList section */
		975D0EA71D2C95EE00480694 /* Build configuration list for PBXProject "testBleStable" */ = {
			isa = XCConfigurationList;
			buildConfigurations = (
				975D0EC41D2C95EE00480694 /* Debug */,
				975D0EC51D2C95EE00480694 /* Release */,
			);
			defaultConfigurationIsVisible = 0;
			defaultConfigurationName = Release;
		};
		975D0EC61D2C95EE00480694 /* Build configuration list for PBXNativeTarget "testBleStable" */ = {
			isa = XCConfigurationList;
			buildConfigurations = (
				975D0EC71D2C95EE00480694 /* Debug */,
				975D0EC81D2C95EE00480694 /* Release */,
			);
			defaultConfigurationIsVisible = 0;
			defaultConfigurationName = Release;
		};
/* End XCConfigurationList section */

/* Begin XCVersionGroup section */
		975D0EBB1D2C95EE00480694 /* testBleStable.xcdatamodeld */ = {
			isa = XCVersionGroup;
			children = (
				975D0EBC1D2C95EE00480694 /* testBleStable.xcdatamodel */,
			);
			currentVersion = 975D0EBC1D2C95EE00480694 /* testBleStable.xcdatamodel */;
			path = testBleStable.xcdatamodeld;
			sourceTree = "<group>";
			versionGroupType = wrapper.xcdatamodel;
		};
/* End XCVersionGroup section */
	};
	rootObject = 975D0EA41D2C95EE00480694 /* Project object */;
}
